// !$*UTF8*$!
{
	archiveVersion = 1;
	classes = {
	};
	objectVersion = 48;
	objects = {

/* Begin PBXBuildFile section */
		32118E542066AED600983E60 /* MainUserViewController.swift in Sources */ = {isa = PBXBuildFile; fileRef = 32118E522066AED600983E60 /* MainUserViewController.swift */; };
		32118E552066AED600983E60 /* MainUserViewController.xib in Resources */ = {isa = PBXBuildFile; fileRef = 32118E532066AED600983E60 /* MainUserViewController.xib */; };
		32118E572067CF3200983E60 /* ChatRoom.swift in Sources */ = {isa = PBXBuildFile; fileRef = 32118E562067CF3200983E60 /* ChatRoom.swift */; };
		32118E592067CFF000983E60 /* Message.swift in Sources */ = {isa = PBXBuildFile; fileRef = 32118E582067CFF000983E60 /* Message.swift */; };
		32118E5B206CEBA200983E60 /* MainTabViewController.swift in Sources */ = {isa = PBXBuildFile; fileRef = 32118E5A206CEBA200983E60 /* MainTabViewController.swift */; };
		32438B932062B18E00BFF0F7 /* gRPCCertificates.bundle in Resources */ = {isa = PBXBuildFile; fileRef = 32438B7B2062B18E00BFF0F7 /* gRPCCertificates.bundle */; };
		32438BA92062B45F00BFF0F7 /* LoginViewController.swift in Sources */ = {isa = PBXBuildFile; fileRef = 32438BA82062B45F00BFF0F7 /* LoginViewController.swift */; };
		32438BAC2062B50F00BFF0F7 /* TC_Serv_Auth.swift in Sources */ = {isa = PBXBuildFile; fileRef = 32438BAB2062B50F00BFF0F7 /* TC_Serv_Auth.swift */; };
		32438BAF2062B55500BFF0F7 /* Typealias.swift in Sources */ = {isa = PBXBuildFile; fileRef = 32438BAE2062B55500BFF0F7 /* Typealias.swift */; };
		32438BB3206306BD00BFF0F7 /* Functions.swift in Sources */ = {isa = PBXBuildFile; fileRef = 32438BB2206306BD00BFF0F7 /* Functions.swift */; };
		32438BDF2064025000BFF0F7 /* UserTurnCast.swift in Sources */ = {isa = PBXBuildFile; fileRef = 32438BDE2064025000BFF0F7 /* UserTurnCast.swift */; };
		324573472064139E00A5D146 /* TC_Serv_User.swift in Sources */ = {isa = PBXBuildFile; fileRef = 324573462064139E00A5D146 /* TC_Serv_User.swift */; };
		32457349206413AC00A5D146 /* TC_DB_Collection.swift in Sources */ = {isa = PBXBuildFile; fileRef = 32457348206413AC00A5D146 /* TC_DB_Collection.swift */; };
		324573522064145600A5D146 /* FirebaseFirestore.framework in Frameworks */ = {isa = PBXBuildFile; fileRef = 32438B792062B18E00BFF0F7 /* FirebaseFirestore.framework */; };
		324573532064146600A5D146 /* Protobuf.framework in Frameworks */ = {isa = PBXBuildFile; fileRef = 32438B772062B18E00BFF0F7 /* Protobuf.framework */; };
		324573542064146600A5D146 /* gRPC-Core.framework in Frameworks */ = {isa = PBXBuildFile; fileRef = 32438B782062B18E00BFF0F7 /* gRPC-Core.framework */; };
		324573552064146600A5D146 /* leveldb-library.framework in Frameworks */ = {isa = PBXBuildFile; fileRef = 32438B7C2062B18E00BFF0F7 /* leveldb-library.framework */; };
		324573562064146600A5D146 /* gRPC.framework in Frameworks */ = {isa = PBXBuildFile; fileRef = 32438B7D2062B18E00BFF0F7 /* gRPC.framework */; };
		324573572064146600A5D146 /* gRPC-ProtoRPC.framework in Frameworks */ = {isa = PBXBuildFile; fileRef = 32438B7E2062B18E00BFF0F7 /* gRPC-ProtoRPC.framework */; };
		324573582064146600A5D146 /* BoringSSL.framework in Frameworks */ = {isa = PBXBuildFile; fileRef = 32438B7F2062B18E00BFF0F7 /* BoringSSL.framework */; };
		324573592064146600A5D146 /* gRPC-RxLibrary.framework in Frameworks */ = {isa = PBXBuildFile; fileRef = 32438B802062B18E00BFF0F7 /* gRPC-RxLibrary.framework */; };
		3245735A2064147C00A5D146 /* FirebaseCore.framework in Frameworks */ = {isa = PBXBuildFile; fileRef = 32438B6F2062B18E00BFF0F7 /* FirebaseCore.framework */; };
		3245735B2064147C00A5D146 /* FirebaseAnalytics.framework in Frameworks */ = {isa = PBXBuildFile; fileRef = 32438B702062B18E00BFF0F7 /* FirebaseAnalytics.framework */; };
		3245735C2064147C00A5D146 /* GoogleToolboxForMac.framework in Frameworks */ = {isa = PBXBuildFile; fileRef = 32438B712062B18E00BFF0F7 /* GoogleToolboxForMac.framework */; };
		3245735D2064147C00A5D146 /* nanopb.framework in Frameworks */ = {isa = PBXBuildFile; fileRef = 32438B722062B18E00BFF0F7 /* nanopb.framework */; };
		3245735E2064147C00A5D146 /* FirebaseNanoPB.framework in Frameworks */ = {isa = PBXBuildFile; fileRef = 32438B732062B18E00BFF0F7 /* FirebaseNanoPB.framework */; };
		3245735F2064147C00A5D146 /* FirebaseInstanceID.framework in Frameworks */ = {isa = PBXBuildFile; fileRef = 32438B742062B18E00BFF0F7 /* FirebaseInstanceID.framework */; };
		324573602064147C00A5D146 /* FirebaseCoreDiagnostics.framework in Frameworks */ = {isa = PBXBuildFile; fileRef = 32438B752062B18E00BFF0F7 /* FirebaseCoreDiagnostics.framework */; };
		324573612064148800A5D146 /* FirebaseAuth.framework in Frameworks */ = {isa = PBXBuildFile; fileRef = 32438B832062B18E00BFF0F7 /* FirebaseAuth.framework */; };
		324573622064148A00A5D146 /* GTMSessionFetcher.framework in Frameworks */ = {isa = PBXBuildFile; fileRef = 32438B822062B18E00BFF0F7 /* GTMSessionFetcher.framework */; };
		32457364206479DC00A5D146 /* Chapter.swift in Sources */ = {isa = PBXBuildFile; fileRef = 32457363206479DC00A5D146 /* Chapter.swift */; };
		3245736620647A0500A5D146 /* Channel.swift in Sources */ = {isa = PBXBuildFile; fileRef = 3245736520647A0500A5D146 /* Channel.swift */; };
		3245736820647A3100A5D146 /* TC_Serv_Channel.swift in Sources */ = {isa = PBXBuildFile; fileRef = 3245736720647A3100A5D146 /* TC_Serv_Channel.swift */; };
		3245736A20647A4700A5D146 /* TC_Serv_Chapter.swift in Sources */ = {isa = PBXBuildFile; fileRef = 3245736920647A4700A5D146 /* TC_Serv_Chapter.swift */; };
		3245736E2065035500A5D146 /* MainViewViewController.swift in Sources */ = {isa = PBXBuildFile; fileRef = 3245736D2065035500A5D146 /* MainViewViewController.swift */; };
		32C1480E20713B7C00D49DAC /* mainViewCollectionViewCell.swift in Sources */ = {isa = PBXBuildFile; fileRef = 32C1480D20713B7C00D49DAC /* mainViewCollectionViewCell.swift */; };
		32D9B45A20794561003F93AC /* AVFoundation.framework in Frameworks */ = {isa = PBXBuildFile; fileRef = 32D9B45920794561003F93AC /* AVFoundation.framework */; };
		32D9B45C2079459B003F93AC /* CoreMedia.framework in Frameworks */ = {isa = PBXBuildFile; fileRef = 32D9B45B2079459B003F93AC /* CoreMedia.framework */; };
		32D9B45E207945F6003F93AC /* CoreData.framework in Frameworks */ = {isa = PBXBuildFile; fileRef = 32D9B45D207945F5003F93AC /* CoreData.framework */; };
		32D9B4602079463A003F93AC /* Accounts.framework in Frameworks */ = {isa = PBXBuildFile; fileRef = 32D9B45F20794639003F93AC /* Accounts.framework */; };
		32D9B46220794791003F93AC /* Social.framework in Frameworks */ = {isa = PBXBuildFile; fileRef = 32D9B46120794791003F93AC /* Social.framework */; };
		32D9B47A207B39CF003F93AC /* TwitterShareExtensionUIResources.bundle in Resources */ = {isa = PBXBuildFile; fileRef = 32D9B476207B39CF003F93AC /* TwitterShareExtensionUIResources.bundle */; };
		32D9B47B207B39CF003F93AC /* TwitterKitResources.bundle in Resources */ = {isa = PBXBuildFile; fileRef = 32D9B477207B39CF003F93AC /* TwitterKitResources.bundle */; };
		32D9B47C207B39CF003F93AC /* TwitterKit.framework in Frameworks */ = {isa = PBXBuildFile; fileRef = 32D9B478207B39CF003F93AC /* TwitterKit.framework */; };
		32D9B47D207B39CF003F93AC /* TwitterCore.framework in Frameworks */ = {isa = PBXBuildFile; fileRef = 32D9B479207B39CF003F93AC /* TwitterCore.framework */; };
		32D9B4A8207E0CC0003F93AC /* NewsViewController.swift in Sources */ = {isa = PBXBuildFile; fileRef = 32D9B4A6207E0CC0003F93AC /* NewsViewController.swift */; };
		32D9B4A9207E0CC0003F93AC /* NewsViewController.xib in Resources */ = {isa = PBXBuildFile; fileRef = 32D9B4A7207E0CC0003F93AC /* NewsViewController.xib */; };
		5F29D96C2060E18F0014EF61 /* AppDelegate.swift in Sources */ = {isa = PBXBuildFile; fileRef = 5F29D96B2060E18F0014EF61 /* AppDelegate.swift */; };
		5F29D9712060E18F0014EF61 /* Main.storyboard in Resources */ = {isa = PBXBuildFile; fileRef = 5F29D96F2060E18F0014EF61 /* Main.storyboard */; };
		5F29D9732060E18F0014EF61 /* Assets.xcassets in Resources */ = {isa = PBXBuildFile; fileRef = 5F29D9722060E18F0014EF61 /* Assets.xcassets */; };
		5F29D9762060E18F0014EF61 /* LaunchScreen.storyboard in Resources */ = {isa = PBXBuildFile; fileRef = 5F29D9742060E18F0014EF61 /* LaunchScreen.storyboard */; };
		5FAC5810207496D3006C407C /* CustomControls.swift in Sources */ = {isa = PBXBuildFile; fileRef = 5FAC580F207496D3006C407C /* CustomControls.swift */; };
		5FAC58152074B096006C407C /* Localizable.strings in Resources */ = {isa = PBXBuildFile; fileRef = 5FAC58132074B096006C407C /* Localizable.strings */; };
		5FAC581A207F36D4006C407C /* MyRooms.xib in Resources */ = {isa = PBXBuildFile; fileRef = 5FAC5819207F36D4006C407C /* MyRooms.xib */; };
		5FEED7B720622EE700CB270D /* GoogleService-Info.plist in Resources */ = {isa = PBXBuildFile; fileRef = 5FEED7B620622EE600CB270D /* GoogleService-Info.plist */; };
/* End PBXBuildFile section */

/* Begin PBXCopyFilesBuildPhase section */
		32D9B45820794552003F93AC /* Embed Frameworks */ = {
			isa = PBXCopyFilesBuildPhase;
			buildActionMask = 2147483647;
			dstPath = "";
			dstSubfolderSpec = 10;
			files = (
			);
			name = "Embed Frameworks";
			runOnlyForDeploymentPostprocessing = 0;
		};
/* End PBXCopyFilesBuildPhase section */

/* Begin PBXFileReference section */
		32118E522066AED600983E60 /* MainUserViewController.swift */ = {isa = PBXFileReference; lastKnownFileType = sourcecode.swift; path = MainUserViewController.swift; sourceTree = "<group>"; };
		32118E532066AED600983E60 /* MainUserViewController.xib */ = {isa = PBXFileReference; lastKnownFileType = file.xib; path = MainUserViewController.xib; sourceTree = "<group>"; };
		32118E562067CF3200983E60 /* ChatRoom.swift */ = {isa = PBXFileReference; lastKnownFileType = sourcecode.swift; path = ChatRoom.swift; sourceTree = "<group>"; };
		32118E582067CFF000983E60 /* Message.swift */ = {isa = PBXFileReference; lastKnownFileType = sourcecode.swift; path = Message.swift; sourceTree = "<group>"; };
		32118E5A206CEBA200983E60 /* MainTabViewController.swift */ = {isa = PBXFileReference; lastKnownFileType = sourcecode.swift; path = MainTabViewController.swift; sourceTree = "<group>"; };
		32438B6F2062B18E00BFF0F7 /* FirebaseCore.framework */ = {isa = PBXFileReference; lastKnownFileType = wrapper.framework; path = FirebaseCore.framework; sourceTree = "<group>"; };
		32438B702062B18E00BFF0F7 /* FirebaseAnalytics.framework */ = {isa = PBXFileReference; lastKnownFileType = wrapper.framework; path = FirebaseAnalytics.framework; sourceTree = "<group>"; };
		32438B712062B18E00BFF0F7 /* GoogleToolboxForMac.framework */ = {isa = PBXFileReference; lastKnownFileType = wrapper.framework; path = GoogleToolboxForMac.framework; sourceTree = "<group>"; };
		32438B722062B18E00BFF0F7 /* nanopb.framework */ = {isa = PBXFileReference; lastKnownFileType = wrapper.framework; path = nanopb.framework; sourceTree = "<group>"; };
		32438B732062B18E00BFF0F7 /* FirebaseNanoPB.framework */ = {isa = PBXFileReference; lastKnownFileType = wrapper.framework; path = FirebaseNanoPB.framework; sourceTree = "<group>"; };
		32438B742062B18E00BFF0F7 /* FirebaseInstanceID.framework */ = {isa = PBXFileReference; lastKnownFileType = wrapper.framework; path = FirebaseInstanceID.framework; sourceTree = "<group>"; };
		32438B752062B18E00BFF0F7 /* FirebaseCoreDiagnostics.framework */ = {isa = PBXFileReference; lastKnownFileType = wrapper.framework; path = FirebaseCoreDiagnostics.framework; sourceTree = "<group>"; };
		32438B772062B18E00BFF0F7 /* Protobuf.framework */ = {isa = PBXFileReference; lastKnownFileType = wrapper.framework; path = Protobuf.framework; sourceTree = "<group>"; };
		32438B782062B18E00BFF0F7 /* gRPC-Core.framework */ = {isa = PBXFileReference; lastKnownFileType = wrapper.framework; path = "gRPC-Core.framework"; sourceTree = "<group>"; };
		32438B792062B18E00BFF0F7 /* FirebaseFirestore.framework */ = {isa = PBXFileReference; lastKnownFileType = wrapper.framework; path = FirebaseFirestore.framework; sourceTree = "<group>"; };
		32438B7B2062B18E00BFF0F7 /* gRPCCertificates.bundle */ = {isa = PBXFileReference; lastKnownFileType = "wrapper.plug-in"; path = gRPCCertificates.bundle; sourceTree = "<group>"; };
		32438B7C2062B18E00BFF0F7 /* leveldb-library.framework */ = {isa = PBXFileReference; lastKnownFileType = wrapper.framework; path = "leveldb-library.framework"; sourceTree = "<group>"; };
		32438B7D2062B18E00BFF0F7 /* gRPC.framework */ = {isa = PBXFileReference; lastKnownFileType = wrapper.framework; path = gRPC.framework; sourceTree = "<group>"; };
		32438B7E2062B18E00BFF0F7 /* gRPC-ProtoRPC.framework */ = {isa = PBXFileReference; lastKnownFileType = wrapper.framework; path = "gRPC-ProtoRPC.framework"; sourceTree = "<group>"; };
		32438B7F2062B18E00BFF0F7 /* BoringSSL.framework */ = {isa = PBXFileReference; lastKnownFileType = wrapper.framework; path = BoringSSL.framework; sourceTree = "<group>"; };
		32438B802062B18E00BFF0F7 /* gRPC-RxLibrary.framework */ = {isa = PBXFileReference; lastKnownFileType = wrapper.framework; path = "gRPC-RxLibrary.framework"; sourceTree = "<group>"; };
		32438B822062B18E00BFF0F7 /* GTMSessionFetcher.framework */ = {isa = PBXFileReference; lastKnownFileType = wrapper.framework; path = GTMSessionFetcher.framework; sourceTree = "<group>"; };
		32438B832062B18E00BFF0F7 /* FirebaseAuth.framework */ = {isa = PBXFileReference; lastKnownFileType = wrapper.framework; path = FirebaseAuth.framework; sourceTree = "<group>"; };
		32438B842062B18E00BFF0F7 /* module.modulemap */ = {isa = PBXFileReference; fileEncoding = 4; lastKnownFileType = "sourcecode.module-map"; name = module.modulemap; path = Turncast/Libraries/Firebase/module.modulemap; sourceTree = SOURCE_ROOT; };
		32438B862062B18E00BFF0F7 /* leveldb-library.framework */ = {isa = PBXFileReference; lastKnownFileType = wrapper.framework; path = "leveldb-library.framework"; sourceTree = "<group>"; };
		32438B872062B18E00BFF0F7 /* FirebaseDatabase.framework */ = {isa = PBXFileReference; lastKnownFileType = wrapper.framework; path = FirebaseDatabase.framework; sourceTree = "<group>"; };
		32438B882062B18E00BFF0F7 /* Firebase.h */ = {isa = PBXFileReference; fileEncoding = 4; lastKnownFileType = sourcecode.c.h; name = Firebase.h; path = Turncast/Libraries/Firebase/Firebase.h; sourceTree = SOURCE_ROOT; };
		32438BA82062B45F00BFF0F7 /* LoginViewController.swift */ = {isa = PBXFileReference; lastKnownFileType = sourcecode.swift; path = LoginViewController.swift; sourceTree = "<group>"; };
		32438BAB2062B50F00BFF0F7 /* TC_Serv_Auth.swift */ = {isa = PBXFileReference; lastKnownFileType = sourcecode.swift; path = TC_Serv_Auth.swift; sourceTree = "<group>"; };
		32438BAE2062B55500BFF0F7 /* Typealias.swift */ = {isa = PBXFileReference; lastKnownFileType = sourcecode.swift; path = Typealias.swift; sourceTree = "<group>"; };
		32438BB2206306BD00BFF0F7 /* Functions.swift */ = {isa = PBXFileReference; lastKnownFileType = sourcecode.swift; path = Functions.swift; sourceTree = "<group>"; };
		32438BDA2064021200BFF0F7 /* Turncast-Bridging-Header.h */ = {isa = PBXFileReference; lastKnownFileType = sourcecode.c.h; path = "Turncast-Bridging-Header.h"; sourceTree = "<group>"; };
		32438BDE2064025000BFF0F7 /* UserTurnCast.swift */ = {isa = PBXFileReference; fileEncoding = 4; lastKnownFileType = sourcecode.swift; path = UserTurnCast.swift; sourceTree = "<group>"; };
		324573462064139E00A5D146 /* TC_Serv_User.swift */ = {isa = PBXFileReference; fileEncoding = 4; lastKnownFileType = sourcecode.swift; path = TC_Serv_User.swift; sourceTree = "<group>"; };
		32457348206413AC00A5D146 /* TC_DB_Collection.swift */ = {isa = PBXFileReference; fileEncoding = 4; lastKnownFileType = sourcecode.swift; path = TC_DB_Collection.swift; sourceTree = "<group>"; };
		32457363206479DC00A5D146 /* Chapter.swift */ = {isa = PBXFileReference; lastKnownFileType = sourcecode.swift; path = Chapter.swift; sourceTree = "<group>"; };
		3245736520647A0500A5D146 /* Channel.swift */ = {isa = PBXFileReference; lastKnownFileType = sourcecode.swift; path = Channel.swift; sourceTree = "<group>"; };
		3245736720647A3100A5D146 /* TC_Serv_Channel.swift */ = {isa = PBXFileReference; lastKnownFileType = sourcecode.swift; path = TC_Serv_Channel.swift; sourceTree = "<group>"; };
		3245736920647A4700A5D146 /* TC_Serv_Chapter.swift */ = {isa = PBXFileReference; lastKnownFileType = sourcecode.swift; path = TC_Serv_Chapter.swift; sourceTree = "<group>"; };
		3245736D2065035500A5D146 /* MainViewViewController.swift */ = {isa = PBXFileReference; lastKnownFileType = sourcecode.swift; path = MainViewViewController.swift; sourceTree = "<group>"; };
		32C1480D20713B7C00D49DAC /* mainViewCollectionViewCell.swift */ = {isa = PBXFileReference; lastKnownFileType = sourcecode.swift; path = mainViewCollectionViewCell.swift; sourceTree = "<group>"; };
		32D9B45920794561003F93AC /* AVFoundation.framework */ = {isa = PBXFileReference; lastKnownFileType = wrapper.framework; name = AVFoundation.framework; path = System/Library/Frameworks/AVFoundation.framework; sourceTree = SDKROOT; };
		32D9B45B2079459B003F93AC /* CoreMedia.framework */ = {isa = PBXFileReference; lastKnownFileType = wrapper.framework; name = CoreMedia.framework; path = System/Library/Frameworks/CoreMedia.framework; sourceTree = SDKROOT; };
		32D9B45D207945F5003F93AC /* CoreData.framework */ = {isa = PBXFileReference; lastKnownFileType = wrapper.framework; name = CoreData.framework; path = System/Library/Frameworks/CoreData.framework; sourceTree = SDKROOT; };
		32D9B45F20794639003F93AC /* Accounts.framework */ = {isa = PBXFileReference; lastKnownFileType = wrapper.framework; name = Accounts.framework; path = System/Library/Frameworks/Accounts.framework; sourceTree = SDKROOT; };
		32D9B46120794791003F93AC /* Social.framework */ = {isa = PBXFileReference; lastKnownFileType = wrapper.framework; name = Social.framework; path = System/Library/Frameworks/Social.framework; sourceTree = SDKROOT; };
		32D9B476207B39CF003F93AC /* TwitterShareExtensionUIResources.bundle */ = {isa = PBXFileReference; lastKnownFileType = "wrapper.plug-in"; path = TwitterShareExtensionUIResources.bundle; sourceTree = "<group>"; };
		32D9B477207B39CF003F93AC /* TwitterKitResources.bundle */ = {isa = PBXFileReference; lastKnownFileType = "wrapper.plug-in"; path = TwitterKitResources.bundle; sourceTree = "<group>"; };
		32D9B478207B39CF003F93AC /* TwitterKit.framework */ = {isa = PBXFileReference; lastKnownFileType = wrapper.framework; path = TwitterKit.framework; sourceTree = "<group>"; };
		32D9B479207B39CF003F93AC /* TwitterCore.framework */ = {isa = PBXFileReference; lastKnownFileType = wrapper.framework; path = TwitterCore.framework; sourceTree = "<group>"; };
		32D9B4A6207E0CC0003F93AC /* NewsViewController.swift */ = {isa = PBXFileReference; lastKnownFileType = sourcecode.swift; path = NewsViewController.swift; sourceTree = "<group>"; };
		32D9B4A7207E0CC0003F93AC /* NewsViewController.xib */ = {isa = PBXFileReference; lastKnownFileType = file.xib; path = NewsViewController.xib; sourceTree = "<group>"; };
		5F29D9682060E18F0014EF61 /* Turncast.app */ = {isa = PBXFileReference; explicitFileType = wrapper.application; includeInIndex = 0; path = Turncast.app; sourceTree = BUILT_PRODUCTS_DIR; };
		5F29D96B2060E18F0014EF61 /* AppDelegate.swift */ = {isa = PBXFileReference; lastKnownFileType = sourcecode.swift; path = AppDelegate.swift; sourceTree = "<group>"; };
		5F29D9702060E18F0014EF61 /* Base */ = {isa = PBXFileReference; lastKnownFileType = file.storyboard; name = Base; path = Base.lproj/Main.storyboard; sourceTree = "<group>"; };
		5F29D9722060E18F0014EF61 /* Assets.xcassets */ = {isa = PBXFileReference; lastKnownFileType = folder.assetcatalog; path = Assets.xcassets; sourceTree = "<group>"; };
		5F29D9752060E18F0014EF61 /* Base */ = {isa = PBXFileReference; lastKnownFileType = file.storyboard; name = Base; path = Base.lproj/LaunchScreen.storyboard; sourceTree = "<group>"; };
		5F29D9772060E18F0014EF61 /* Info.plist */ = {isa = PBXFileReference; lastKnownFileType = text.plist.xml; path = Info.plist; sourceTree = "<group>"; };
		5FAC580F207496D3006C407C /* CustomControls.swift */ = {isa = PBXFileReference; lastKnownFileType = sourcecode.swift; path = CustomControls.swift; sourceTree = "<group>"; };
		5FAC58112074AF02006C407C /* es */ = {isa = PBXFileReference; lastKnownFileType = text.plist.strings; name = es; path = es.lproj/Main.strings; sourceTree = "<group>"; };
		5FAC58122074AF02006C407C /* es */ = {isa = PBXFileReference; lastKnownFileType = text.plist.strings; name = es; path = es.lproj/LaunchScreen.strings; sourceTree = "<group>"; };
		5FAC58142074B096006C407C /* Base */ = {isa = PBXFileReference; lastKnownFileType = text.plist.strings; name = Base; path = Base.lproj/Localizable.strings; sourceTree = "<group>"; };
		5FAC58162074B0A3006C407C /* en */ = {isa = PBXFileReference; lastKnownFileType = text.plist.strings; name = en; path = en.lproj/Localizable.strings; sourceTree = "<group>"; };
		5FAC58172074B0A4006C407C /* es */ = {isa = PBXFileReference; lastKnownFileType = text.plist.strings; name = es; path = es.lproj/Localizable.strings; sourceTree = "<group>"; };
		5FAC5819207F36D4006C407C /* MyRooms.xib */ = {isa = PBXFileReference; lastKnownFileType = file.xib; path = MyRooms.xib; sourceTree = "<group>"; };
		5FEED7B620622EE600CB270D /* GoogleService-Info.plist */ = {isa = PBXFileReference; fileEncoding = 4; lastKnownFileType = text.plist.xml; path = "GoogleService-Info.plist"; sourceTree = "<group>"; };
		5FEED7DB2062343C00CB270D /* SafariServices.framework */ = {isa = PBXFileReference; lastKnownFileType = wrapper.framework; name = SafariServices.framework; path = System/Library/Frameworks/SafariServices.framework; sourceTree = SDKROOT; };
		5FEED7DD2062344300CB270D /* SystemConfiguration.framework */ = {isa = PBXFileReference; lastKnownFileType = wrapper.framework; name = SystemConfiguration.framework; path = System/Library/Frameworks/SystemConfiguration.framework; sourceTree = SDKROOT; };
		5FEED7EB20623A0400CB270D /* GoogleSignIn.framework */ = {isa = PBXFileReference; lastKnownFileType = wrapper.framework; name = GoogleSignIn.framework; path = Turncast/Libraries/GoogleSignIn/GoogleSignIn.framework; sourceTree = "<group>"; };
		5FEED7EC20623A0400CB270D /* GoogleSignInDependencies.framework */ = {isa = PBXFileReference; lastKnownFileType = wrapper.framework; name = GoogleSignInDependencies.framework; path = Turncast/Libraries/GoogleSignIn/GoogleSignInDependencies.framework; sourceTree = "<group>"; };
/* End PBXFileReference section */

/* Begin PBXFrameworksBuildPhase section */
		5F29D9652060E18F0014EF61 /* Frameworks */ = {
			isa = PBXFrameworksBuildPhase;
			buildActionMask = 2147483647;
			files = (
				32D9B46220794791003F93AC /* Social.framework in Frameworks */,
				32D9B47C207B39CF003F93AC /* TwitterKit.framework in Frameworks */,
				32D9B4602079463A003F93AC /* Accounts.framework in Frameworks */,
				32D9B45E207945F6003F93AC /* CoreData.framework in Frameworks */,
				32D9B45C2079459B003F93AC /* CoreMedia.framework in Frameworks */,
				32D9B45A20794561003F93AC /* AVFoundation.framework in Frameworks */,
				324573522064145600A5D146 /* FirebaseFirestore.framework in Frameworks */,
				324573532064146600A5D146 /* Protobuf.framework in Frameworks */,
				324573542064146600A5D146 /* gRPC-Core.framework in Frameworks */,
				324573612064148800A5D146 /* FirebaseAuth.framework in Frameworks */,
				324573622064148A00A5D146 /* GTMSessionFetcher.framework in Frameworks */,
				324573552064146600A5D146 /* leveldb-library.framework in Frameworks */,
				324573562064146600A5D146 /* gRPC.framework in Frameworks */,
				32D9B47D207B39CF003F93AC /* TwitterCore.framework in Frameworks */,
				3245735A2064147C00A5D146 /* FirebaseCore.framework in Frameworks */,
				3245735B2064147C00A5D146 /* FirebaseAnalytics.framework in Frameworks */,
				3245735C2064147C00A5D146 /* GoogleToolboxForMac.framework in Frameworks */,
				3245735D2064147C00A5D146 /* nanopb.framework in Frameworks */,
				3245735E2064147C00A5D146 /* FirebaseNanoPB.framework in Frameworks */,
				3245735F2064147C00A5D146 /* FirebaseInstanceID.framework in Frameworks */,
				324573602064147C00A5D146 /* FirebaseCoreDiagnostics.framework in Frameworks */,
				324573572064146600A5D146 /* gRPC-ProtoRPC.framework in Frameworks */,
				324573582064146600A5D146 /* BoringSSL.framework in Frameworks */,
				324573592064146600A5D146 /* gRPC-RxLibrary.framework in Frameworks */,
			);
			runOnlyForDeploymentPostprocessing = 0;
		};
/* End PBXFrameworksBuildPhase section */

/* Begin PBXGroup section */
		32118E512066AEB900983E60 /* userView */ = {
			isa = PBXGroup;
			children = (
				32118E522066AED600983E60 /* MainUserViewController.swift */,
				32118E532066AED600983E60 /* MainUserViewController.xib */,
			);
			path = userView;
			sourceTree = "<group>";
		};
		32438B6D2062B0F600BFF0F7 /* Firebase */ = {
			isa = PBXGroup;
			children = (
				32438B6E2062B18E00BFF0F7 /* Analytics */,
				32438B812062B18E00BFF0F7 /* Auth */,
				32438B852062B18E00BFF0F7 /* Database */,
				32438B882062B18E00BFF0F7 /* Firebase.h */,
				32438B762062B18E00BFF0F7 /* Firestore */,
				32438B842062B18E00BFF0F7 /* module.modulemap */,
			);
			path = Firebase;
			sourceTree = "<group>";
		};
		32438B6E2062B18E00BFF0F7 /* Analytics */ = {
			isa = PBXGroup;
			children = (
				32438B6F2062B18E00BFF0F7 /* FirebaseCore.framework */,
				32438B702062B18E00BFF0F7 /* FirebaseAnalytics.framework */,
				32438B712062B18E00BFF0F7 /* GoogleToolboxForMac.framework */,
				32438B722062B18E00BFF0F7 /* nanopb.framework */,
				32438B732062B18E00BFF0F7 /* FirebaseNanoPB.framework */,
				32438B742062B18E00BFF0F7 /* FirebaseInstanceID.framework */,
				32438B752062B18E00BFF0F7 /* FirebaseCoreDiagnostics.framework */,
			);
			name = Analytics;
			path = Turncast/Libraries/Firebase/Analytics;
			sourceTree = SOURCE_ROOT;
		};
		32438B762062B18E00BFF0F7 /* Firestore */ = {
			isa = PBXGroup;
			children = (
				32438B772062B18E00BFF0F7 /* Protobuf.framework */,
				32438B782062B18E00BFF0F7 /* gRPC-Core.framework */,
				32438B792062B18E00BFF0F7 /* FirebaseFirestore.framework */,
				32438B7A2062B18E00BFF0F7 /* Resources */,
				32438B7C2062B18E00BFF0F7 /* leveldb-library.framework */,
				32438B7D2062B18E00BFF0F7 /* gRPC.framework */,
				32438B7E2062B18E00BFF0F7 /* gRPC-ProtoRPC.framework */,
				32438B7F2062B18E00BFF0F7 /* BoringSSL.framework */,
				32438B802062B18E00BFF0F7 /* gRPC-RxLibrary.framework */,
			);
			name = Firestore;
			path = Turncast/Libraries/Firebase/Firestore;
			sourceTree = SOURCE_ROOT;
		};
		32438B7A2062B18E00BFF0F7 /* Resources */ = {
			isa = PBXGroup;
			children = (
				32438B7B2062B18E00BFF0F7 /* gRPCCertificates.bundle */,
			);
			path = Resources;
			sourceTree = "<group>";
		};
		32438B812062B18E00BFF0F7 /* Auth */ = {
			isa = PBXGroup;
			children = (
				32438B822062B18E00BFF0F7 /* GTMSessionFetcher.framework */,
				32438B832062B18E00BFF0F7 /* FirebaseAuth.framework */,
			);
			name = Auth;
			path = Turncast/Libraries/Firebase/Auth;
			sourceTree = SOURCE_ROOT;
		};
		32438B852062B18E00BFF0F7 /* Database */ = {
			isa = PBXGroup;
			children = (
				32438B862062B18E00BFF0F7 /* leveldb-library.framework */,
				32438B872062B18E00BFF0F7 /* FirebaseDatabase.framework */,
			);
			name = Database;
			path = Turncast/Libraries/Firebase/Database;
			sourceTree = SOURCE_ROOT;
		};
		32438BA72062B43300BFF0F7 /* LoginView */ = {
			isa = PBXGroup;
			children = (
				32438BA82062B45F00BFF0F7 /* LoginViewController.swift */,
			);
			path = LoginView;
			sourceTree = "<group>";
		};
		32438BAA2062B4FB00BFF0F7 /* Services */ = {
			isa = PBXGroup;
			children = (
				32457348206413AC00A5D146 /* TC_DB_Collection.swift */,
				324573462064139E00A5D146 /* TC_Serv_User.swift */,
				32438BAB2062B50F00BFF0F7 /* TC_Serv_Auth.swift */,
				3245736720647A3100A5D146 /* TC_Serv_Channel.swift */,
				3245736920647A4700A5D146 /* TC_Serv_Chapter.swift */,
			);
			path = Services;
			sourceTree = "<group>";
		};
		32438BAD2062B53700BFF0F7 /* Extra */ = {
			isa = PBXGroup;
			children = (
				32438BAE2062B55500BFF0F7 /* Typealias.swift */,
				32438BB2206306BD00BFF0F7 /* Functions.swift */,
			);
			path = Extra;
			sourceTree = "<group>";
		};
		32438BB42063A77000BFF0F7 /* Libraries */ = {
			isa = PBXGroup;
			children = (
				32D9B475207B39CF003F93AC /* Twitter-Kit */,
				32438B6D2062B0F600BFF0F7 /* Firebase */,
			);
			path = Libraries;
			sourceTree = "<group>";
		};
		32438BDD2064023200BFF0F7 /* Entities */ = {
			isa = PBXGroup;
			children = (
				32438BDE2064025000BFF0F7 /* UserTurnCast.swift */,
				32457363206479DC00A5D146 /* Chapter.swift */,
				3245736520647A0500A5D146 /* Channel.swift */,
				32118E562067CF3200983E60 /* ChatRoom.swift */,
				32118E582067CFF000983E60 /* Message.swift */,
			);
			path = Entities;
			sourceTree = "<group>";
		};
		3245736B2065032F00A5D146 /* Views */ = {
			isa = PBXGroup;
			children = (
				5FAC5818207F334A006C407C /* MyRooms */,
				32D9B4A5207E0CA5003F93AC /* News */,
				32118E512066AEB900983E60 /* userView */,
				3245736C2065033900A5D146 /* mainView */,
				32118E5A206CEBA200983E60 /* MainTabViewController.swift */,
			);
			path = Views;
			sourceTree = "<group>";
		};
		3245736C2065033900A5D146 /* mainView */ = {
			isa = PBXGroup;
			children = (
				3245736D2065035500A5D146 /* MainViewViewController.swift */,
				32C1480D20713B7C00D49DAC /* mainViewCollectionViewCell.swift */,
			);
			path = mainView;
			sourceTree = "<group>";
		};
		32D9B475207B39CF003F93AC /* Twitter-Kit */ = {
			isa = PBXGroup;
			children = (
				32D9B476207B39CF003F93AC /* TwitterShareExtensionUIResources.bundle */,
				32D9B477207B39CF003F93AC /* TwitterKitResources.bundle */,
				32D9B478207B39CF003F93AC /* TwitterKit.framework */,
				32D9B479207B39CF003F93AC /* TwitterCore.framework */,
			);
			path = "Twitter-Kit";
			sourceTree = "<group>";
		};
		32D9B4A5207E0CA5003F93AC /* News */ = {
			isa = PBXGroup;
			children = (
				32D9B4A6207E0CC0003F93AC /* NewsViewController.swift */,
				32D9B4A7207E0CC0003F93AC /* NewsViewController.xib */,
			);
			path = News;
			sourceTree = "<group>";
		};
		5F29D95F2060E18F0014EF61 = {
			isa = PBXGroup;
			children = (
				5F29D96A2060E18F0014EF61 /* Turncast */,
				5F29D9692060E18F0014EF61 /* Products */,
				5FEED7B82062312D00CB270D /* Frameworks */,
			);
			sourceTree = "<group>";
		};
		5F29D9692060E18F0014EF61 /* Products */ = {
			isa = PBXGroup;
			children = (
				5F29D9682060E18F0014EF61 /* Turncast.app */,
			);
			name = Products;
			sourceTree = "<group>";
		};
		5F29D96A2060E18F0014EF61 /* Turncast */ = {
			isa = PBXGroup;
			children = (
				5FAC580E2074969A006C407C /* CustomControlModels */,
				3245736B2065032F00A5D146 /* Views */,
				32438BDD2064023200BFF0F7 /* Entities */,
				32438BB42063A77000BFF0F7 /* Libraries */,
				32438BAD2062B53700BFF0F7 /* Extra */,
				32438BAA2062B4FB00BFF0F7 /* Services */,
				32438BA72062B43300BFF0F7 /* LoginView */,
				5FEED7B620622EE600CB270D /* GoogleService-Info.plist */,
				5F29D96B2060E18F0014EF61 /* AppDelegate.swift */,
				5F29D96F2060E18F0014EF61 /* Main.storyboard */,
				5F29D9722060E18F0014EF61 /* Assets.xcassets */,
				5F29D9742060E18F0014EF61 /* LaunchScreen.storyboard */,
				5F29D9772060E18F0014EF61 /* Info.plist */,
				32438BDA2064021200BFF0F7 /* Turncast-Bridging-Header.h */,
				5FAC58132074B096006C407C /* Localizable.strings */,
			);
			path = Turncast;
			sourceTree = "<group>";
		};
		5FAC580E2074969A006C407C /* CustomControlModels */ = {
			isa = PBXGroup;
			children = (
				5FAC580F207496D3006C407C /* CustomControls.swift */,
			);
			path = CustomControlModels;
			sourceTree = "<group>";
		};
		5FAC5818207F334A006C407C /* MyRooms */ = {
			isa = PBXGroup;
			children = (
				5FAC5819207F36D4006C407C /* MyRooms.xib */,
			);
			path = MyRooms;
			sourceTree = "<group>";
		};
		5FEED7B82062312D00CB270D /* Frameworks */ = {
			isa = PBXGroup;
			children = (
				32D9B46120794791003F93AC /* Social.framework */,
				32D9B45F20794639003F93AC /* Accounts.framework */,
				32D9B45D207945F5003F93AC /* CoreData.framework */,
				32D9B45B2079459B003F93AC /* CoreMedia.framework */,
				32D9B45920794561003F93AC /* AVFoundation.framework */,
				5FEED7EB20623A0400CB270D /* GoogleSignIn.framework */,
				5FEED7EC20623A0400CB270D /* GoogleSignInDependencies.framework */,
				5FEED7DD2062344300CB270D /* SystemConfiguration.framework */,
				5FEED7DB2062343C00CB270D /* SafariServices.framework */,
			);
			name = Frameworks;
			sourceTree = "<group>";
		};
/* End PBXGroup section */

/* Begin PBXNativeTarget section */
		5F29D9672060E18F0014EF61 /* Turncast */ = {
			isa = PBXNativeTarget;
			buildConfigurationList = 5F29D97A2060E18F0014EF61 /* Build configuration list for PBXNativeTarget "Turncast" */;
			buildPhases = (
				5F29D9642060E18F0014EF61 /* Sources */,
				5F29D9652060E18F0014EF61 /* Frameworks */,
				5F29D9662060E18F0014EF61 /* Resources */,
				32D9B45820794552003F93AC /* Embed Frameworks */,
			);
			buildRules = (
			);
			dependencies = (
			);
			name = Turncast;
			productName = Turncast;
			productReference = 5F29D9682060E18F0014EF61 /* Turncast.app */;
			productType = "com.apple.product-type.application";
		};
/* End PBXNativeTarget section */

/* Begin PBXProject section */
		5F29D9602060E18F0014EF61 /* Project object */ = {
			isa = PBXProject;
			attributes = {
				LastSwiftUpdateCheck = 0920;
				LastUpgradeCheck = 0920;
				ORGANIZATIONNAME = CodeNationDev;
				TargetAttributes = {
					5F29D9672060E18F0014EF61 = {
						CreatedOnToolsVersion = 9.2;
						LastSwiftMigration = 0920;
						ProvisioningStyle = Automatic;
					};
				};
			};
			buildConfigurationList = 5F29D9632060E18F0014EF61 /* Build configuration list for PBXProject "Turncast" */;
			compatibilityVersion = "Xcode 8.0";
			developmentRegion = en;
			hasScannedForEncodings = 0;
			knownRegions = (
				en,
				Base,
				es,
			);
			mainGroup = 5F29D95F2060E18F0014EF61;
			productRefGroup = 5F29D9692060E18F0014EF61 /* Products */;
			projectDirPath = "";
			projectRoot = "";
			targets = (
				5F29D9672060E18F0014EF61 /* Turncast */,
			);
		};
/* End PBXProject section */

/* Begin PBXResourcesBuildPhase section */
		5F29D9662060E18F0014EF61 /* Resources */ = {
			isa = PBXResourcesBuildPhase;
			buildActionMask = 2147483647;
			files = (
				32438B932062B18E00BFF0F7 /* gRPCCertificates.bundle in Resources */,
				32118E552066AED600983E60 /* MainUserViewController.xib in Resources */,
				5FAC581A207F36D4006C407C /* MyRooms.xib in Resources */,
				5F29D9762060E18F0014EF61 /* LaunchScreen.storyboard in Resources */,
				32D9B47A207B39CF003F93AC /* TwitterShareExtensionUIResources.bundle in Resources */,
				5FAC58152074B096006C407C /* Localizable.strings in Resources */,
				5FEED7B720622EE700CB270D /* GoogleService-Info.plist in Resources */,
				5F29D9732060E18F0014EF61 /* Assets.xcassets in Resources */,
				32D9B4A9207E0CC0003F93AC /* NewsViewController.xib in Resources */,
				32D9B47B207B39CF003F93AC /* TwitterKitResources.bundle in Resources */,
				5F29D9712060E18F0014EF61 /* Main.storyboard in Resources */,
			);
			runOnlyForDeploymentPostprocessing = 0;
		};
/* End PBXResourcesBuildPhase section */

/* Begin PBXSourcesBuildPhase section */
		5F29D9642060E18F0014EF61 /* Sources */ = {
			isa = PBXSourcesBuildPhase;
			buildActionMask = 2147483647;
			files = (
				5FAC5810207496D3006C407C /* CustomControls.swift in Sources */,
				32118E5B206CEBA200983E60 /* MainTabViewController.swift in Sources */,
				32118E542066AED600983E60 /* MainUserViewController.swift in Sources */,
				32D9B4A8207E0CC0003F93AC /* NewsViewController.swift in Sources */,
				3245736A20647A4700A5D146 /* TC_Serv_Chapter.swift in Sources */,
				3245736E2065035500A5D146 /* MainViewViewController.swift in Sources */,
				32118E572067CF3200983E60 /* ChatRoom.swift in Sources */,
				32457349206413AC00A5D146 /* TC_DB_Collection.swift in Sources */,
				3245736820647A3100A5D146 /* TC_Serv_Channel.swift in Sources */,
				3245736620647A0500A5D146 /* Channel.swift in Sources */,
				32438BAC2062B50F00BFF0F7 /* TC_Serv_Auth.swift in Sources */,
				32438BA92062B45F00BFF0F7 /* LoginViewController.swift in Sources */,
				32C1480E20713B7C00D49DAC /* mainViewCollectionViewCell.swift in Sources */,
				32457364206479DC00A5D146 /* Chapter.swift in Sources */,
				324573472064139E00A5D146 /* TC_Serv_User.swift in Sources */,
				32438BDF2064025000BFF0F7 /* UserTurnCast.swift in Sources */,
				5F29D96C2060E18F0014EF61 /* AppDelegate.swift in Sources */,
				32118E592067CFF000983E60 /* Message.swift in Sources */,
				32438BAF2062B55500BFF0F7 /* Typealias.swift in Sources */,
				32438BB3206306BD00BFF0F7 /* Functions.swift in Sources */,
			);
			runOnlyForDeploymentPostprocessing = 0;
		};
/* End PBXSourcesBuildPhase section */

/* Begin PBXVariantGroup section */
		5F29D96F2060E18F0014EF61 /* Main.storyboard */ = {
			isa = PBXVariantGroup;
			children = (
				5F29D9702060E18F0014EF61 /* Base */,
				5FAC58112074AF02006C407C /* es */,
			);
			name = Main.storyboard;
			sourceTree = "<group>";
		};
		5F29D9742060E18F0014EF61 /* LaunchScreen.storyboard */ = {
			isa = PBXVariantGroup;
			children = (
				5F29D9752060E18F0014EF61 /* Base */,
				5FAC58122074AF02006C407C /* es */,
			);
			name = LaunchScreen.storyboard;
			sourceTree = "<group>";
		};
		5FAC58132074B096006C407C /* Localizable.strings */ = {
			isa = PBXVariantGroup;
			children = (
				5FAC58142074B096006C407C /* Base */,
				5FAC58162074B0A3006C407C /* en */,
				5FAC58172074B0A4006C407C /* es */,
			);
			name = Localizable.strings;
			sourceTree = "<group>";
		};
/* End PBXVariantGroup section */

/* Begin XCBuildConfiguration section */
		5F29D9782060E18F0014EF61 /* Debug */ = {
			isa = XCBuildConfiguration;
			buildSettings = {
				ALWAYS_SEARCH_USER_PATHS = NO;
				CLANG_ANALYZER_LOCALIZABILITY_NONLOCALIZED = YES;
				CLANG_ANALYZER_NONNULL = YES;
				CLANG_ANALYZER_NUMBER_OBJECT_CONVERSION = YES_AGGRESSIVE;
				CLANG_CXX_LANGUAGE_STANDARD = "gnu++14";
				CLANG_CXX_LIBRARY = "libc++";
				CLANG_ENABLE_MODULES = YES;
				CLANG_ENABLE_OBJC_ARC = YES;
				CLANG_WARN_BLOCK_CAPTURE_AUTORELEASING = YES;
				CLANG_WARN_BOOL_CONVERSION = YES;
				CLANG_WARN_COMMA = YES;
				CLANG_WARN_CONSTANT_CONVERSION = YES;
				CLANG_WARN_DIRECT_OBJC_ISA_USAGE = YES_ERROR;
				CLANG_WARN_DOCUMENTATION_COMMENTS = YES;
				CLANG_WARN_EMPTY_BODY = YES;
				CLANG_WARN_ENUM_CONVERSION = YES;
				CLANG_WARN_INFINITE_RECURSION = YES;
				CLANG_WARN_INT_CONVERSION = YES;
				CLANG_WARN_NON_LITERAL_NULL_CONVERSION = YES;
				CLANG_WARN_OBJC_LITERAL_CONVERSION = YES;
				CLANG_WARN_OBJC_ROOT_CLASS = YES_ERROR;
				CLANG_WARN_RANGE_LOOP_ANALYSIS = YES;
				CLANG_WARN_STRICT_PROTOTYPES = YES;
				CLANG_WARN_SUSPICIOUS_MOVE = YES;
				CLANG_WARN_UNGUARDED_AVAILABILITY = YES_AGGRESSIVE;
				CLANG_WARN_UNREACHABLE_CODE = YES;
				CLANG_WARN__DUPLICATE_METHOD_MATCH = YES;
				CODE_SIGN_IDENTITY = "iPhone Developer";
				COPY_PHASE_STRIP = NO;
				DEBUG_INFORMATION_FORMAT = dwarf;
				ENABLE_STRICT_OBJC_MSGSEND = YES;
				ENABLE_TESTABILITY = YES;
				GCC_C_LANGUAGE_STANDARD = gnu11;
				GCC_DYNAMIC_NO_PIC = NO;
				GCC_NO_COMMON_BLOCKS = YES;
				GCC_OPTIMIZATION_LEVEL = 0;
				GCC_PREPROCESSOR_DEFINITIONS = (
					"DEBUG=1",
					"$(inherited)",
				);
				GCC_WARN_64_TO_32_BIT_CONVERSION = YES;
				GCC_WARN_ABOUT_RETURN_TYPE = YES_ERROR;
				GCC_WARN_UNDECLARED_SELECTOR = YES;
				GCC_WARN_UNINITIALIZED_AUTOS = YES_AGGRESSIVE;
				GCC_WARN_UNUSED_FUNCTION = YES;
				GCC_WARN_UNUSED_VARIABLE = YES;
				IPHONEOS_DEPLOYMENT_TARGET = 11.2;
				MTL_ENABLE_DEBUG_INFO = YES;
				ONLY_ACTIVE_ARCH = YES;
				OTHER_LDFLAGS = (
					"$(OTHER_LDFLAGS)",
					"-ObjC",
				);
				SDKROOT = iphoneos;
				SWIFT_ACTIVE_COMPILATION_CONDITIONS = DEBUG;
				SWIFT_OPTIMIZATION_LEVEL = "-Onone";
			};
			name = Debug;
		};
		5F29D9792060E18F0014EF61 /* Release */ = {
			isa = XCBuildConfiguration;
			buildSettings = {
				ALWAYS_SEARCH_USER_PATHS = NO;
				CLANG_ANALYZER_LOCALIZABILITY_NONLOCALIZED = YES;
				CLANG_ANALYZER_NONNULL = YES;
				CLANG_ANALYZER_NUMBER_OBJECT_CONVERSION = YES_AGGRESSIVE;
				CLANG_CXX_LANGUAGE_STANDARD = "gnu++14";
				CLANG_CXX_LIBRARY = "libc++";
				CLANG_ENABLE_MODULES = YES;
				CLANG_ENABLE_OBJC_ARC = YES;
				CLANG_WARN_BLOCK_CAPTURE_AUTORELEASING = YES;
				CLANG_WARN_BOOL_CONVERSION = YES;
				CLANG_WARN_COMMA = YES;
				CLANG_WARN_CONSTANT_CONVERSION = YES;
				CLANG_WARN_DIRECT_OBJC_ISA_USAGE = YES_ERROR;
				CLANG_WARN_DOCUMENTATION_COMMENTS = YES;
				CLANG_WARN_EMPTY_BODY = YES;
				CLANG_WARN_ENUM_CONVERSION = YES;
				CLANG_WARN_INFINITE_RECURSION = YES;
				CLANG_WARN_INT_CONVERSION = YES;
				CLANG_WARN_NON_LITERAL_NULL_CONVERSION = YES;
				CLANG_WARN_OBJC_LITERAL_CONVERSION = YES;
				CLANG_WARN_OBJC_ROOT_CLASS = YES_ERROR;
				CLANG_WARN_RANGE_LOOP_ANALYSIS = YES;
				CLANG_WARN_STRICT_PROTOTYPES = YES;
				CLANG_WARN_SUSPICIOUS_MOVE = YES;
				CLANG_WARN_UNGUARDED_AVAILABILITY = YES_AGGRESSIVE;
				CLANG_WARN_UNREACHABLE_CODE = YES;
				CLANG_WARN__DUPLICATE_METHOD_MATCH = YES;
				CODE_SIGN_IDENTITY = "iPhone Developer";
				COPY_PHASE_STRIP = NO;
				DEBUG_INFORMATION_FORMAT = "dwarf-with-dsym";
				ENABLE_NS_ASSERTIONS = NO;
				ENABLE_STRICT_OBJC_MSGSEND = YES;
				GCC_C_LANGUAGE_STANDARD = gnu11;
				GCC_NO_COMMON_BLOCKS = YES;
				GCC_WARN_64_TO_32_BIT_CONVERSION = YES;
				GCC_WARN_ABOUT_RETURN_TYPE = YES_ERROR;
				GCC_WARN_UNDECLARED_SELECTOR = YES;
				GCC_WARN_UNINITIALIZED_AUTOS = YES_AGGRESSIVE;
				GCC_WARN_UNUSED_FUNCTION = YES;
				GCC_WARN_UNUSED_VARIABLE = YES;
				IPHONEOS_DEPLOYMENT_TARGET = 11.2;
				MTL_ENABLE_DEBUG_INFO = NO;
				OTHER_LDFLAGS = (
					"$(OTHER_LDFLAGS)",
					"-ObjC",
				);
				SDKROOT = iphoneos;
				SWIFT_OPTIMIZATION_LEVEL = "-Owholemodule";
				VALIDATE_PRODUCT = YES;
			};
			name = Release;
		};
		5F29D97B2060E18F0014EF61 /* Debug */ = {
			isa = XCBuildConfiguration;
			buildSettings = {
				ASSETCATALOG_COMPILER_APPICON_NAME = AppIcon;
				CLANG_ENABLE_MODULES = YES;
				"CODE_SIGN_IDENTITY[sdk=iphoneos*]" = "iPhone Developer";
				CODE_SIGN_STYLE = Automatic;
				DEVELOPMENT_TEAM = Z346NYZ3TJ;
				FRAMEWORK_SEARCH_PATHS = (
					"$(inherited)",
					"$(PROJECT_DIR)/Turncast/Libraries/Firebase/Auth",
					"$(PROJECT_DIR)/Turncast/Libraries/Firebase/Database",
					"$(PROJECT_DIR)/Turncast/Libraries/Firebase/Firestore",
					"$(PROJECT_DIR)/Turncast/Libraries/Firebase/Analytics",
					"$(PROJECT_DIR)/Turncast/Libraries/Twitter-Kit",
				);
				INFOPLIST_FILE = Turncast/Info.plist;
				LD_RUNPATH_SEARCH_PATHS = "$(inherited) @executable_path/Frameworks";
				OTHER_LDFLAGS = "-ObjC";
				PRODUCT_BUNDLE_IDENTIFIER = com.turncastapp.turncast;
				PRODUCT_NAME = "$(TARGET_NAME)";
				PROVISIONING_PROFILE_SPECIFIER = "";
				SWIFT_OBJC_BRIDGING_HEADER = "Turncast/Turncast-Bridging-Header.h";
				SWIFT_OPTIMIZATION_LEVEL = "-Onone";
				SWIFT_VERSION = 4.0;
				TARGETED_DEVICE_FAMILY = "1,2";
			};
			name = Debug;
		};
		5F29D97C2060E18F0014EF61 /* Release */ = {
			isa = XCBuildConfiguration;
			buildSettings = {
				ASSETCATALOG_COMPILER_APPICON_NAME = AppIcon;
				CLANG_ENABLE_MODULES = YES;
				"CODE_SIGN_IDENTITY[sdk=iphoneos*]" = "iPhone Developer";
				CODE_SIGN_STYLE = Automatic;
				DEVELOPMENT_TEAM = Z346NYZ3TJ;
				FRAMEWORK_SEARCH_PATHS = (
					"$(inherited)",
					"$(PROJECT_DIR)/Turncast/Libraries/Firebase/Auth",
					"$(PROJECT_DIR)/Turncast/Libraries/Firebase/Database",
					"$(PROJECT_DIR)/Turncast/Libraries/Firebase/Firestore",
					"$(PROJECT_DIR)/Turncast/Libraries/Firebase/Analytics",
					"$(PROJECT_DIR)/Turncast/Libraries/Twitter-Kit",
				);
				INFOPLIST_FILE = Turncast/Info.plist;
				LD_RUNPATH_SEARCH_PATHS = "$(inherited) @executable_path/Frameworks";
				OTHER_LDFLAGS = "-ObjC";
				PRODUCT_BUNDLE_IDENTIFIER = com.turncastapp.turncast;
				PRODUCT_NAME = "$(TARGET_NAME)";
				PROVISIONING_PROFILE_SPECIFIER = "";
				SWIFT_OBJC_BRIDGING_HEADER = "Turncast/Turncast-Bridging-Header.h";
				SWIFT_VERSION = 4.0;
				TARGETED_DEVICE_FAMILY = "1,2";
			};
			name = Release;
		};
/* End XCBuildConfiguration section */

/* Begin XCConfigurationList section */
		5F29D9632060E18F0014EF61 /* Build configuration list for PBXProject "Turncast" */ = {
			isa = XCConfigurationList;
			buildConfigurations = (
				5F29D9782060E18F0014EF61 /* Debug */,
				5F29D9792060E18F0014EF61 /* Release */,
			);
			defaultConfigurationIsVisible = 0;
			defaultConfigurationName = Release;
		};
		5F29D97A2060E18F0014EF61 /* Build configuration list for PBXNativeTarget "Turncast" */ = {
			isa = XCConfigurationList;
			buildConfigurations = (
				5F29D97B2060E18F0014EF61 /* Debug */,
				5F29D97C2060E18F0014EF61 /* Release */,
			);
			defaultConfigurationIsVisible = 0;
			defaultConfigurationName = Release;
		};
/* End XCConfigurationList section */
	};
	rootObject = 5F29D9602060E18F0014EF61 /* Project object */;
}
