// !$*UTF8*$!
{
	archiveVersion = 1;
	classes = {
	};
	objectVersion = 48;
	objects = {

/* Begin PBXBuildFile section */
		32438B932062B18E00BFF0F7 /* gRPCCertificates.bundle in Resources */ = {isa = PBXBuildFile; fileRef = 32438B7B2062B18E00BFF0F7 /* gRPCCertificates.bundle */; };
		32438BA62062B33300BFF0F7 /* FirebaseCore.framework in Frameworks */ = {isa = PBXBuildFile; fileRef = 32438B6F2062B18E00BFF0F7 /* FirebaseCore.framework */; };
		32438BA92062B45F00BFF0F7 /* LoginViewController.swift in Sources */ = {isa = PBXBuildFile; fileRef = 32438BA82062B45F00BFF0F7 /* LoginViewController.swift */; };
		32438BAC2062B50F00BFF0F7 /* TC_Serv_Auth.swift in Sources */ = {isa = PBXBuildFile; fileRef = 32438BAB2062B50F00BFF0F7 /* TC_Serv_Auth.swift */; };
		32438BAF2062B55500BFF0F7 /* Typealias.swift in Sources */ = {isa = PBXBuildFile; fileRef = 32438BAE2062B55500BFF0F7 /* Typealias.swift */; };
		32438BB02062B6D800BFF0F7 /* FirebaseAuth.framework in Frameworks */ = {isa = PBXBuildFile; fileRef = 32438B832062B18E00BFF0F7 /* FirebaseAuth.framework */; };
		32438BB12062B6E400BFF0F7 /* GTMSessionFetcher.framework in Frameworks */ = {isa = PBXBuildFile; fileRef = 32438B822062B18E00BFF0F7 /* GTMSessionFetcher.framework */; };
		32438BB3206306BD00BFF0F7 /* Functions.swift in Sources */ = {isa = PBXBuildFile; fileRef = 32438BB2206306BD00BFF0F7 /* Functions.swift */; };
		32438BDF2064025000BFF0F7 /* UserTurnCast.swift in Sources */ = {isa = PBXBuildFile; fileRef = 32438BDE2064025000BFF0F7 /* UserTurnCast.swift */; };
		5F29D96C2060E18F0014EF61 /* AppDelegate.swift in Sources */ = {isa = PBXBuildFile; fileRef = 5F29D96B2060E18F0014EF61 /* AppDelegate.swift */; };
		5F29D9712060E18F0014EF61 /* Main.storyboard in Resources */ = {isa = PBXBuildFile; fileRef = 5F29D96F2060E18F0014EF61 /* Main.storyboard */; };
		5F29D9732060E18F0014EF61 /* Assets.xcassets in Resources */ = {isa = PBXBuildFile; fileRef = 5F29D9722060E18F0014EF61 /* Assets.xcassets */; };
		5F29D9762060E18F0014EF61 /* LaunchScreen.storyboard in Resources */ = {isa = PBXBuildFile; fileRef = 5F29D9742060E18F0014EF61 /* LaunchScreen.storyboard */; };
		5FEED7B720622EE700CB270D /* GoogleService-Info.plist in Resources */ = {isa = PBXBuildFile; fileRef = 5FEED7B620622EE600CB270D /* GoogleService-Info.plist */; };
		5FEED7EA2062398700CB270D /* GoogleSignIn.bundle in Resources */ = {isa = PBXBuildFile; fileRef = 5FEED7E92062398600CB270D /* GoogleSignIn.bundle */; };
/* End PBXBuildFile section */

/* Begin PBXFileReference section */
		32438B6F2062B18E00BFF0F7 /* FirebaseCore.framework */ = {isa = PBXFileReference; lastKnownFileType = wrapper.framework; path = FirebaseCore.framework; sourceTree = "<group>"; };
		32438B702062B18E00BFF0F7 /* FirebaseAnalytics.framework */ = {isa = PBXFileReference; lastKnownFileType = wrapper.framework; path = FirebaseAnalytics.framework; sourceTree = "<group>"; };
		32438B712062B18E00BFF0F7 /* GoogleToolboxForMac.framework */ = {isa = PBXFileReference; lastKnownFileType = wrapper.framework; path = GoogleToolboxForMac.framework; sourceTree = "<group>"; };
		32438B722062B18E00BFF0F7 /* nanopb.framework */ = {isa = PBXFileReference; lastKnownFileType = wrapper.framework; path = nanopb.framework; sourceTree = "<group>"; };
		32438B732062B18E00BFF0F7 /* FirebaseNanoPB.framework */ = {isa = PBXFileReference; lastKnownFileType = wrapper.framework; path = FirebaseNanoPB.framework; sourceTree = "<group>"; };
		32438B742062B18E00BFF0F7 /* FirebaseInstanceID.framework */ = {isa = PBXFileReference; lastKnownFileType = wrapper.framework; path = FirebaseInstanceID.framework; sourceTree = "<group>"; };
		32438B752062B18E00BFF0F7 /* FirebaseCoreDiagnostics.framework */ = {isa = PBXFileReference; lastKnownFileType = wrapper.framework; path = FirebaseCoreDiagnostics.framework; sourceTree = "<group>"; };
		32438B772062B18E00BFF0F7 /* Protobuf.framework */ = {isa = PBXFileReference; lastKnownFileType = wrapper.framework; path = Protobuf.framework; sourceTree = "<group>"; };
		32438B782062B18E00BFF0F7 /* gRPC-Core.framework */ = {isa = PBXFileReference; lastKnownFileType = wrapper.framework; path = "gRPC-Core.framework"; sourceTree = "<group>"; };
		32438B792062B18E00BFF0F7 /* FirebaseFirestore.framework */ = {isa = PBXFileReference; lastKnownFileType = wrapper.framework; path = FirebaseFirestore.framework; sourceTree = "<group>"; };
		32438B7B2062B18E00BFF0F7 /* gRPCCertificates.bundle */ = {isa = PBXFileReference; lastKnownFileType = "wrapper.plug-in"; path = gRPCCertificates.bundle; sourceTree = "<group>"; };
		32438B7C2062B18E00BFF0F7 /* leveldb-library.framework */ = {isa = PBXFileReference; lastKnownFileType = wrapper.framework; path = "leveldb-library.framework"; sourceTree = "<group>"; };
		32438B7D2062B18E00BFF0F7 /* gRPC.framework */ = {isa = PBXFileReference; lastKnownFileType = wrapper.framework; path = gRPC.framework; sourceTree = "<group>"; };
		32438B7E2062B18E00BFF0F7 /* gRPC-ProtoRPC.framework */ = {isa = PBXFileReference; lastKnownFileType = wrapper.framework; path = "gRPC-ProtoRPC.framework"; sourceTree = "<group>"; };
		32438B7F2062B18E00BFF0F7 /* BoringSSL.framework */ = {isa = PBXFileReference; lastKnownFileType = wrapper.framework; path = BoringSSL.framework; sourceTree = "<group>"; };
		32438B802062B18E00BFF0F7 /* gRPC-RxLibrary.framework */ = {isa = PBXFileReference; lastKnownFileType = wrapper.framework; path = "gRPC-RxLibrary.framework"; sourceTree = "<group>"; };
		32438B822062B18E00BFF0F7 /* GTMSessionFetcher.framework */ = {isa = PBXFileReference; lastKnownFileType = wrapper.framework; path = GTMSessionFetcher.framework; sourceTree = "<group>"; };
		32438B832062B18E00BFF0F7 /* FirebaseAuth.framework */ = {isa = PBXFileReference; lastKnownFileType = wrapper.framework; path = FirebaseAuth.framework; sourceTree = "<group>"; };
		32438B842062B18E00BFF0F7 /* module.modulemap */ = {isa = PBXFileReference; fileEncoding = 4; lastKnownFileType = "sourcecode.module-map"; name = module.modulemap; path = Turncast/Libraries/Firebase/module.modulemap; sourceTree = SOURCE_ROOT; };
		32438B862062B18E00BFF0F7 /* leveldb-library.framework */ = {isa = PBXFileReference; lastKnownFileType = wrapper.framework; path = "leveldb-library.framework"; sourceTree = "<group>"; };
		32438B872062B18E00BFF0F7 /* FirebaseDatabase.framework */ = {isa = PBXFileReference; lastKnownFileType = wrapper.framework; path = FirebaseDatabase.framework; sourceTree = "<group>"; };
		32438B882062B18E00BFF0F7 /* Firebase.h */ = {isa = PBXFileReference; fileEncoding = 4; lastKnownFileType = sourcecode.c.h; name = Firebase.h; path = Turncast/Libraries/Firebase/Firebase.h; sourceTree = SOURCE_ROOT; };
		32438BA82062B45F00BFF0F7 /* LoginViewController.swift */ = {isa = PBXFileReference; lastKnownFileType = sourcecode.swift; path = LoginViewController.swift; sourceTree = "<group>"; };
		32438BAB2062B50F00BFF0F7 /* TC_Serv_Auth.swift */ = {isa = PBXFileReference; lastKnownFileType = sourcecode.swift; path = TC_Serv_Auth.swift; sourceTree = "<group>"; };
		32438BAE2062B55500BFF0F7 /* Typealias.swift */ = {isa = PBXFileReference; lastKnownFileType = sourcecode.swift; path = Typealias.swift; sourceTree = "<group>"; };
		32438BB2206306BD00BFF0F7 /* Functions.swift */ = {isa = PBXFileReference; lastKnownFileType = sourcecode.swift; path = Functions.swift; sourceTree = "<group>"; };
		32438BDA2064021200BFF0F7 /* Turncast-Bridging-Header.h */ = {isa = PBXFileReference; lastKnownFileType = sourcecode.c.h; path = "Turncast-Bridging-Header.h"; sourceTree = "<group>"; };
		32438BDE2064025000BFF0F7 /* UserTurnCast.swift */ = {isa = PBXFileReference; fileEncoding = 4; lastKnownFileType = sourcecode.swift; path = UserTurnCast.swift; sourceTree = "<group>"; };
		5F29D9682060E18F0014EF61 /* Turncast.app */ = {isa = PBXFileReference; explicitFileType = wrapper.application; includeInIndex = 0; path = Turncast.app; sourceTree = BUILT_PRODUCTS_DIR; };
		5F29D96B2060E18F0014EF61 /* AppDelegate.swift */ = {isa = PBXFileReference; lastKnownFileType = sourcecode.swift; path = AppDelegate.swift; sourceTree = "<group>"; };
		5F29D9702060E18F0014EF61 /* Base */ = {isa = PBXFileReference; lastKnownFileType = file.storyboard; name = Base; path = Base.lproj/Main.storyboard; sourceTree = "<group>"; };
		5F29D9722060E18F0014EF61 /* Assets.xcassets */ = {isa = PBXFileReference; lastKnownFileType = folder.assetcatalog; path = Assets.xcassets; sourceTree = "<group>"; };
		5F29D9752060E18F0014EF61 /* Base */ = {isa = PBXFileReference; lastKnownFileType = file.storyboard; name = Base; path = Base.lproj/LaunchScreen.storyboard; sourceTree = "<group>"; };
		5F29D9772060E18F0014EF61 /* Info.plist */ = {isa = PBXFileReference; lastKnownFileType = text.plist.xml; path = Info.plist; sourceTree = "<group>"; };
		5FEED7B620622EE600CB270D /* GoogleService-Info.plist */ = {isa = PBXFileReference; fileEncoding = 4; lastKnownFileType = text.plist.xml; path = "GoogleService-Info.plist"; sourceTree = "<group>"; };
		5FEED7DB2062343C00CB270D /* SafariServices.framework */ = {isa = PBXFileReference; lastKnownFileType = wrapper.framework; name = SafariServices.framework; path = System/Library/Frameworks/SafariServices.framework; sourceTree = SDKROOT; };
		5FEED7DD2062344300CB270D /* SystemConfiguration.framework */ = {isa = PBXFileReference; lastKnownFileType = wrapper.framework; name = SystemConfiguration.framework; path = System/Library/Frameworks/SystemConfiguration.framework; sourceTree = SDKROOT; };
		5FEED7E92062398600CB270D /* GoogleSignIn.bundle */ = {isa = PBXFileReference; lastKnownFileType = "wrapper.plug-in"; name = GoogleSignIn.bundle; path = Turncast/Libraries/GoogleSignIn/GoogleSignIn.bundle; sourceTree = "<group>"; };
		5FEED7EB20623A0400CB270D /* GoogleSignIn.framework */ = {isa = PBXFileReference; lastKnownFileType = wrapper.framework; name = GoogleSignIn.framework; path = Turncast/Libraries/GoogleSignIn/GoogleSignIn.framework; sourceTree = "<group>"; };
		5FEED7EC20623A0400CB270D /* GoogleSignInDependencies.framework */ = {isa = PBXFileReference; lastKnownFileType = wrapper.framework; name = GoogleSignInDependencies.framework; path = Turncast/Libraries/GoogleSignIn/GoogleSignInDependencies.framework; sourceTree = "<group>"; };
/* End PBXFileReference section */

/* Begin PBXFrameworksBuildPhase section */
		5F29D9652060E18F0014EF61 /* Frameworks */ = {
			isa = PBXFrameworksBuildPhase;
			buildActionMask = 2147483647;
			files = (
				32438BA62062B33300BFF0F7 /* FirebaseCore.framework in Frameworks */,
				32438BB02062B6D800BFF0F7 /* FirebaseAuth.framework in Frameworks */,
				32438BB12062B6E400BFF0F7 /* GTMSessionFetcher.framework in Frameworks */,
			);
			runOnlyForDeploymentPostprocessing = 0;
		};
/* End PBXFrameworksBuildPhase section */

/* Begin PBXGroup section */
		32438B6D2062B0F600BFF0F7 /* Firebase */ = {
			isa = PBXGroup;
			children = (
				32438B6E2062B18E00BFF0F7 /* Analytics */,
				32438B812062B18E00BFF0F7 /* Auth */,
				32438B852062B18E00BFF0F7 /* Database */,
				32438B882062B18E00BFF0F7 /* Firebase.h */,
				32438B762062B18E00BFF0F7 /* Firestore */,
				32438B842062B18E00BFF0F7 /* module.modulemap */,
			);
			path = Firebase;
			sourceTree = "<group>";
		};
		32438B6E2062B18E00BFF0F7 /* Analytics */ = {
			isa = PBXGroup;
			children = (
				32438B6F2062B18E00BFF0F7 /* FirebaseCore.framework */,
				32438B702062B18E00BFF0F7 /* FirebaseAnalytics.framework */,
				32438B712062B18E00BFF0F7 /* GoogleToolboxForMac.framework */,
				32438B722062B18E00BFF0F7 /* nanopb.framework */,
				32438B732062B18E00BFF0F7 /* FirebaseNanoPB.framework */,
				32438B742062B18E00BFF0F7 /* FirebaseInstanceID.framework */,
				32438B752062B18E00BFF0F7 /* FirebaseCoreDiagnostics.framework */,
			);
			name = Analytics;
			path = Turncast/Libraries/Firebase/Analytics;
			sourceTree = SOURCE_ROOT;
		};
		32438B762062B18E00BFF0F7 /* Firestore */ = {
			isa = PBXGroup;
			children = (
				32438B772062B18E00BFF0F7 /* Protobuf.framework */,
				32438B782062B18E00BFF0F7 /* gRPC-Core.framework */,
				32438B792062B18E00BFF0F7 /* FirebaseFirestore.framework */,
				32438B7A2062B18E00BFF0F7 /* Resources */,
				32438B7C2062B18E00BFF0F7 /* leveldb-library.framework */,
				32438B7D2062B18E00BFF0F7 /* gRPC.framework */,
				32438B7E2062B18E00BFF0F7 /* gRPC-ProtoRPC.framework */,
				32438B7F2062B18E00BFF0F7 /* BoringSSL.framework */,
				32438B802062B18E00BFF0F7 /* gRPC-RxLibrary.framework */,
			);
			name = Firestore;
			path = Turncast/Libraries/Firebase/Firestore;
			sourceTree = SOURCE_ROOT;
		};
		32438B7A2062B18E00BFF0F7 /* Resources */ = {
			isa = PBXGroup;
			children = (
				32438B7B2062B18E00BFF0F7 /* gRPCCertificates.bundle */,
			);
			path = Resources;
			sourceTree = "<group>";
		};
		32438B812062B18E00BFF0F7 /* Auth */ = {
			isa = PBXGroup;
			children = (
				32438B822062B18E00BFF0F7 /* GTMSessionFetcher.framework */,
				32438B832062B18E00BFF0F7 /* FirebaseAuth.framework */,
			);
			name = Auth;
			path = Turncast/Libraries/Firebase/Auth;
			sourceTree = SOURCE_ROOT;
		};
		32438B852062B18E00BFF0F7 /* Database */ = {
			isa = PBXGroup;
			children = (
				32438B862062B18E00BFF0F7 /* leveldb-library.framework */,
				32438B872062B18E00BFF0F7 /* FirebaseDatabase.framework */,
			);
			name = Database;
			path = Turncast/Libraries/Firebase/Database;
			sourceTree = SOURCE_ROOT;
		};
		32438BA72062B43300BFF0F7 /* LoginView */ = {
			isa = PBXGroup;
			children = (
				32438BA82062B45F00BFF0F7 /* LoginViewController.swift */,
			);
			path = LoginView;
			sourceTree = "<group>";
		};
		32438BAA2062B4FB00BFF0F7 /* Services */ = {
			isa = PBXGroup;
			children = (
				32438BAB2062B50F00BFF0F7 /* TC_Serv_Auth.swift */,
			);
			path = Services;
			sourceTree = "<group>";
		};
		32438BAD2062B53700BFF0F7 /* Extra */ = {
			isa = PBXGroup;
			children = (
				32438BAE2062B55500BFF0F7 /* Typealias.swift */,
				32438BB2206306BD00BFF0F7 /* Functions.swift */,
			);
			path = Extra;
			sourceTree = "<group>";
		};
		32438BB42063A77000BFF0F7 /* Libraries */ = {
			isa = PBXGroup;
			children = (
				32438B6D2062B0F600BFF0F7 /* Firebase */,
			);
			path = Libraries;
			sourceTree = "<group>";
		};
		32438BDD2064023200BFF0F7 /* Entities */ = {
			isa = PBXGroup;
			children = (
				32438BDE2064025000BFF0F7 /* UserTurnCast.swift */,
			);
			path = Entities;
			sourceTree = "<group>";
		};
		5F29D95F2060E18F0014EF61 = {
			isa = PBXGroup;
			children = (
				5FEED7E92062398600CB270D /* GoogleSignIn.bundle */,
				5F29D96A2060E18F0014EF61 /* Turncast */,
				5F29D9692060E18F0014EF61 /* Products */,
				5FEED7B82062312D00CB270D /* Frameworks */,
			);
			sourceTree = "<group>";
		};
		5F29D9692060E18F0014EF61 /* Products */ = {
			isa = PBXGroup;
			children = (
				5F29D9682060E18F0014EF61 /* Turncast.app */,
			);
			name = Products;
			sourceTree = "<group>";
		};
		5F29D96A2060E18F0014EF61 /* Turncast */ = {
			isa = PBXGroup;
			children = (
				32438BDD2064023200BFF0F7 /* Entities */,
				32438BB42063A77000BFF0F7 /* Libraries */,
				32438BAD2062B53700BFF0F7 /* Extra */,
				32438BAA2062B4FB00BFF0F7 /* Services */,
				32438BA72062B43300BFF0F7 /* LoginView */,
				5FEED7B620622EE600CB270D /* GoogleService-Info.plist */,
				5F29D96B2060E18F0014EF61 /* AppDelegate.swift */,
				5F29D96F2060E18F0014EF61 /* Main.storyboard */,
				5F29D9722060E18F0014EF61 /* Assets.xcassets */,
				5F29D9742060E18F0014EF61 /* LaunchScreen.storyboard */,
				5F29D9772060E18F0014EF61 /* Info.plist */,
				32438BDA2064021200BFF0F7 /* Turncast-Bridging-Header.h */,
			);
			path = Turncast;
			sourceTree = "<group>";
		};
		5FEED7B82062312D00CB270D /* Frameworks */ = {
			isa = PBXGroup;
			children = (
				5FEED7EB20623A0400CB270D /* GoogleSignIn.framework */,
				5FEED7EC20623A0400CB270D /* GoogleSignInDependencies.framework */,
				5FEED7DD2062344300CB270D /* SystemConfiguration.framework */,
				5FEED7DB2062343C00CB270D /* SafariServices.framework */,
			);
			name = Frameworks;
			sourceTree = "<group>";
		};
/* End PBXGroup section */

/* Begin PBXNativeTarget section */
		5F29D9672060E18F0014EF61 /* Turncast */ = {
			isa = PBXNativeTarget;
			buildConfigurationList = 5F29D97A2060E18F0014EF61 /* Build configuration list for PBXNativeTarget "Turncast" */;
			buildPhases = (
				5F29D9642060E18F0014EF61 /* Sources */,
				5F29D9652060E18F0014EF61 /* Frameworks */,
				5F29D9662060E18F0014EF61 /* Resources */,
			);
			buildRules = (
			);
			dependencies = (
			);
			name = Turncast;
			productName = Turncast;
			productReference = 5F29D9682060E18F0014EF61 /* Turncast.app */;
			productType = "com.apple.product-type.application";
		};
/* End PBXNativeTarget section */

/* Begin PBXProject section */
		5F29D9602060E18F0014EF61 /* Project object */ = {
			isa = PBXProject;
			attributes = {
				LastSwiftUpdateCheck = 0920;
				LastUpgradeCheck = 0920;
				ORGANIZATIONNAME = CodeNationDev;
				TargetAttributes = {
					5F29D9672060E18F0014EF61 = {
						CreatedOnToolsVersion = 9.2;
						LastSwiftMigration = 0920;
						ProvisioningStyle = Automatic;
					};
				};
			};
			buildConfigurationList = 5F29D9632060E18F0014EF61 /* Build configuration list for PBXProject "Turncast" */;
			compatibilityVersion = "Xcode 8.0";
			developmentRegion = en;
			hasScannedForEncodings = 0;
			knownRegions = (
				en,
				Base,
			);
			mainGroup = 5F29D95F2060E18F0014EF61;
			productRefGroup = 5F29D9692060E18F0014EF61 /* Products */;
			projectDirPath = "";
			projectRoot = "";
			targets = (
				5F29D9672060E18F0014EF61 /* Turncast */,
			);
		};
/* End PBXProject section */

/* Begin PBXResourcesBuildPhase section */
		5F29D9662060E18F0014EF61 /* Resources */ = {
			isa = PBXResourcesBuildPhase;
			buildActionMask = 2147483647;
			files = (
				5FEED7EA2062398700CB270D /* GoogleSignIn.bundle in Resources */,
				32438B932062B18E00BFF0F7 /* gRPCCertificates.bundle in Resources */,
				5F29D9762060E18F0014EF61 /* LaunchScreen.storyboard in Resources */,
				5FEED7B720622EE700CB270D /* GoogleService-Info.plist in Resources */,
				5F29D9732060E18F0014EF61 /* Assets.xcassets in Resources */,
				5F29D9712060E18F0014EF61 /* Main.storyboard in Resources */,
			);
			runOnlyForDeploymentPostprocessing = 0;
		};
/* End PBXResourcesBuildPhase section */

/* Begin PBXSourcesBuildPhase section */
		5F29D9642060E18F0014EF61 /* Sources */ = {
			isa = PBXSourcesBuildPhase;
			buildActionMask = 2147483647;
			files = (
				32438BAC2062B50F00BFF0F7 /* TC_Serv_Auth.swift in Sources */,
				32438BA92062B45F00BFF0F7 /* LoginViewController.swift in Sources */,
				32438BDF2064025000BFF0F7 /* UserTurnCast.swift in Sources */,
				5F29D96C2060E18F0014EF61 /* AppDelegate.swift in Sources */,
				32438BAF2062B55500BFF0F7 /* Typealias.swift in Sources */,
				32438BB3206306BD00BFF0F7 /* Functions.swift in Sources */,
			);
			runOnlyForDeploymentPostprocessing = 0;
		};
/* End PBXSourcesBuildPhase section */

/* Begin PBXVariantGroup section */
		5F29D96F2060E18F0014EF61 /* Main.storyboard */ = {
			isa = PBXVariantGroup;
			children = (
				5F29D9702060E18F0014EF61 /* Base */,
			);
			name = Main.storyboard;
			sourceTree = "<group>";
		};
		5F29D9742060E18F0014EF61 /* LaunchScreen.storyboard */ = {
			isa = PBXVariantGroup;
			children = (
				5F29D9752060E18F0014EF61 /* Base */,
			);
			name = LaunchScreen.storyboard;
			sourceTree = "<group>";
		};
/* End PBXVariantGroup section */

/* Begin XCBuildConfiguration section */
		5F29D9782060E18F0014EF61 /* Debug */ = {
			isa = XCBuildConfiguration;
			buildSettings = {
				ALWAYS_SEARCH_USER_PATHS = NO;
				CLANG_ANALYZER_NONNULL = YES;
				CLANG_ANALYZER_NUMBER_OBJECT_CONVERSION = YES_AGGRESSIVE;
				CLANG_CXX_LANGUAGE_STANDARD = "gnu++14";
				CLANG_CXX_LIBRARY = "libc++";
				CLANG_ENABLE_MODULES = YES;
				CLANG_ENABLE_OBJC_ARC = YES;
				CLANG_WARN_BLOCK_CAPTURE_AUTORELEASING = YES;
				CLANG_WARN_BOOL_CONVERSION = YES;
				CLANG_WARN_COMMA = YES;
				CLANG_WARN_CONSTANT_CONVERSION = YES;
				CLANG_WARN_DIRECT_OBJC_ISA_USAGE = YES_ERROR;
				CLANG_WARN_DOCUMENTATION_COMMENTS = YES;
				CLANG_WARN_EMPTY_BODY = YES;
				CLANG_WARN_ENUM_CONVERSION = YES;
				CLANG_WARN_INFINITE_RECURSION = YES;
				CLANG_WARN_INT_CONVERSION = YES;
				CLANG_WARN_NON_LITERAL_NULL_CONVERSION = YES;
				CLANG_WARN_OBJC_LITERAL_CONVERSION = YES;
				CLANG_WARN_OBJC_ROOT_CLASS = YES_ERROR;
				CLANG_WARN_RANGE_LOOP_ANALYSIS = YES;
				CLANG_WARN_STRICT_PROTOTYPES = YES;
				CLANG_WARN_SUSPICIOUS_MOVE = YES;
				CLANG_WARN_UNGUARDED_AVAILABILITY = YES_AGGRESSIVE;
				CLANG_WARN_UNREACHABLE_CODE = YES;
				CLANG_WARN__DUPLICATE_METHOD_MATCH = YES;
				CODE_SIGN_IDENTITY = "iPhone Developer";
				COPY_PHASE_STRIP = NO;
				DEBUG_INFORMATION_FORMAT = dwarf;
				ENABLE_STRICT_OBJC_MSGSEND = YES;
				ENABLE_TESTABILITY = YES;
				GCC_C_LANGUAGE_STANDARD = gnu11;
				GCC_DYNAMIC_NO_PIC = NO;
				GCC_NO_COMMON_BLOCKS = YES;
				GCC_OPTIMIZATION_LEVEL = 0;
				GCC_PREPROCESSOR_DEFINITIONS = (
					"DEBUG=1",
					"$(inherited)",
				);
				GCC_WARN_64_TO_32_BIT_CONVERSION = YES;
				GCC_WARN_ABOUT_RETURN_TYPE = YES_ERROR;
				GCC_WARN_UNDECLARED_SELECTOR = YES;
				GCC_WARN_UNINITIALIZED_AUTOS = YES_AGGRESSIVE;
				GCC_WARN_UNUSED_FUNCTION = YES;
				GCC_WARN_UNUSED_VARIABLE = YES;
				IPHONEOS_DEPLOYMENT_TARGET = 11.2;
				MTL_ENABLE_DEBUG_INFO = YES;
				ONLY_ACTIVE_ARCH = YES;
				OTHER_LDFLAGS = (
					"$(OTHER_LDFLAGS)",
					"-ObjC",
				);
				SDKROOT = iphoneos;
				SWIFT_ACTIVE_COMPILATION_CONDITIONS = DEBUG;
				SWIFT_OPTIMIZATION_LEVEL = "-Onone";
			};
			name = Debug;
		};
		5F29D9792060E18F0014EF61 /* Release */ = {
			isa = XCBuildConfiguration;
			buildSettings = {
				ALWAYS_SEARCH_USER_PATHS = NO;
				CLANG_ANALYZER_NONNULL = YES;
				CLANG_ANALYZER_NUMBER_OBJECT_CONVERSION = YES_AGGRESSIVE;
				CLANG_CXX_LANGUAGE_STANDARD = "gnu++14";
				CLANG_CXX_LIBRARY = "libc++";
				CLANG_ENABLE_MODULES = YES;
				CLANG_ENABLE_OBJC_ARC = YES;
				CLANG_WARN_BLOCK_CAPTURE_AUTORELEASING = YES;
				CLANG_WARN_BOOL_CONVERSION = YES;
				CLANG_WARN_COMMA = YES;
				CLANG_WARN_CONSTANT_CONVERSION = YES;
				CLANG_WARN_DIRECT_OBJC_ISA_USAGE = YES_ERROR;
				CLANG_WARN_DOCUMENTATION_COMMENTS = YES;
				CLANG_WARN_EMPTY_BODY = YES;
				CLANG_WARN_ENUM_CONVERSION = YES;
				CLANG_WARN_INFINITE_RECURSION = YES;
				CLANG_WARN_INT_CONVERSION = YES;
				CLANG_WARN_NON_LITERAL_NULL_CONVERSION = YES;
				CLANG_WARN_OBJC_LITERAL_CONVERSION = YES;
				CLANG_WARN_OBJC_ROOT_CLASS = YES_ERROR;
				CLANG_WARN_RANGE_LOOP_ANALYSIS = YES;
				CLANG_WARN_STRICT_PROTOTYPES = YES;
				CLANG_WARN_SUSPICIOUS_MOVE = YES;
				CLANG_WARN_UNGUARDED_AVAILABILITY = YES_AGGRESSIVE;
				CLANG_WARN_UNREACHABLE_CODE = YES;
				CLANG_WARN__DUPLICATE_METHOD_MATCH = YES;
				CODE_SIGN_IDENTITY = "iPhone Developer";
				COPY_PHASE_STRIP = NO;
				DEBUG_INFORMATION_FORMAT = "dwarf-with-dsym";
				ENABLE_NS_ASSERTIONS = NO;
				ENABLE_STRICT_OBJC_MSGSEND = YES;
				GCC_C_LANGUAGE_STANDARD = gnu11;
				GCC_NO_COMMON_BLOCKS = YES;
				GCC_WARN_64_TO_32_BIT_CONVERSION = YES;
				GCC_WARN_ABOUT_RETURN_TYPE = YES_ERROR;
				GCC_WARN_UNDECLARED_SELECTOR = YES;
				GCC_WARN_UNINITIALIZED_AUTOS = YES_AGGRESSIVE;
				GCC_WARN_UNUSED_FUNCTION = YES;
				GCC_WARN_UNUSED_VARIABLE = YES;
				IPHONEOS_DEPLOYMENT_TARGET = 11.2;
				MTL_ENABLE_DEBUG_INFO = NO;
				OTHER_LDFLAGS = (
					"$(OTHER_LDFLAGS)",
					"-ObjC",
				);
				SDKROOT = iphoneos;
				SWIFT_OPTIMIZATION_LEVEL = "-Owholemodule";
				VALIDATE_PRODUCT = YES;
			};
			name = Release;
		};
		5F29D97B2060E18F0014EF61 /* Debug */ = {
			isa = XCBuildConfiguration;
			buildSettings = {
				ASSETCATALOG_COMPILER_APPICON_NAME = AppIcon;
				CLANG_ENABLE_MODULES = YES;
				CODE_SIGN_STYLE = Automatic;
				DEVELOPMENT_TEAM = Z346NYZ3TJ;
				FRAMEWORK_SEARCH_PATHS = (
					"$(inherited)",
					"$(PROJECT_DIR)/Turncast/Libraries/Firebase/Auth",
					"$(PROJECT_DIR)/Turncast/Libraries/Firebase/Database",
					"$(PROJECT_DIR)/Turncast/Libraries/Firebase/Firestore",
					"$(PROJECT_DIR)/Turncast/Libraries/Google\\ SignIn",
					"$(PROJECT_DIR)/Turncast/Libraries/Google\\ SignIn",
					"$(PROJECT_DIR)/Turncast/Libraries/GoogleSignIn",
					"$(PROJECT_DIR)/Turncast/Libraries/Firebase/Analytics",
				);
				INFOPLIST_FILE = Turncast/Info.plist;
				LD_RUNPATH_SEARCH_PATHS = "$(inherited) @executable_path/Frameworks";
				OTHER_LDFLAGS = "-ObjC";
				PRODUCT_BUNDLE_IDENTIFIER = com.turncastapp.turncast;
				PRODUCT_NAME = "$(TARGET_NAME)";
				SWIFT_OBJC_BRIDGING_HEADER = "Turncast/Turncast-Bridging-Header.h";
				SWIFT_OPTIMIZATION_LEVEL = "-Onone";
				SWIFT_VERSION = 4.0;
				TARGETED_DEVICE_FAMILY = "1,2";
			};
			name = Debug;
		};
		5F29D97C2060E18F0014EF61 /* Release */ = {
			isa = XCBuildConfiguration;
			buildSettings = {
				ASSETCATALOG_COMPILER_APPICON_NAME = AppIcon;
				CLANG_ENABLE_MODULES = YES;
				CODE_SIGN_STYLE = Automatic;
				DEVELOPMENT_TEAM = Z346NYZ3TJ;
				FRAMEWORK_SEARCH_PATHS = (
					"$(inherited)",
					"$(PROJECT_DIR)/Turncast/Libraries/Firebase/Auth",
					"$(PROJECT_DIR)/Turncast/Libraries/Firebase/Database",
					"$(PROJECT_DIR)/Turncast/Libraries/Firebase/Firestore",
					"$(PROJECT_DIR)/Turncast/Libraries/Google\\ SignIn",
					"$(PROJECT_DIR)/Turncast/Libraries/Google\\ SignIn",
					"$(PROJECT_DIR)/Turncast/Libraries/GoogleSignIn",
					"$(PROJECT_DIR)/Turncast/Libraries/Firebase/Analytics",
				);
				INFOPLIST_FILE = Turncast/Info.plist;
				LD_RUNPATH_SEARCH_PATHS = "$(inherited) @executable_path/Frameworks";
				OTHER_LDFLAGS = "-ObjC";
				PRODUCT_BUNDLE_IDENTIFIER = com.turncastapp.turncast;
				PRODUCT_NAME = "$(TARGET_NAME)";
				SWIFT_OBJC_BRIDGING_HEADER = "Turncast/Turncast-Bridging-Header.h";
				SWIFT_VERSION = 4.0;
				TARGETED_DEVICE_FAMILY = "1,2";
			};
			name = Release;
		};
/* End XCBuildConfiguration section */

/* Begin XCConfigurationList section */
		5F29D9632060E18F0014EF61 /* Build configuration list for PBXProject "Turncast" */ = {
			isa = XCConfigurationList;
			buildConfigurations = (
				5F29D9782060E18F0014EF61 /* Debug */,
				5F29D9792060E18F0014EF61 /* Release */,
			);
			defaultConfigurationIsVisible = 0;
			defaultConfigurationName = Release;
		};
		5F29D97A2060E18F0014EF61 /* Build configuration list for PBXNativeTarget "Turncast" */ = {
			isa = XCConfigurationList;
			buildConfigurations = (
				5F29D97B2060E18F0014EF61 /* Debug */,
				5F29D97C2060E18F0014EF61 /* Release */,
			);
			defaultConfigurationIsVisible = 0;
			defaultConfigurationName = Release;
		};
/* End XCConfigurationList section */
	};
	rootObject = 5F29D9602060E18F0014EF61 /* Project object */;
}
